
Microsoft Visual Studio Solution File, Format Version 12.00
# Visual Studio Version 17
VisualStudioVersion = 17.0.31903.59
MinimumVisualStudioVersion = 10.0.40219.1
Project("{9A19103F-16F7-4668-BE54-9A1E7A4F7556}") = "_build", "build\_build.csproj", "{657D9300-3015-42A5-96EA-D347553FE62C}"
EndProject
Project("{2150E333-8FDC-42A3-9474-1A3956D46DE8}") = "build", "build", "{8497A171-A7CD-4EA4-83A2-1CD3716E6C0A}"
EndProject
Project("{2150E333-8FDC-42A3-9474-1A3956D46DE8}") = "src", "src", "{0A06B89D-0F67-4D2B-8626-D41B21608E6E}"
EndProject
Project("{9A19103F-16F7-4668-BE54-9A1E7A4F7556}") = "Xerris.Extensions.Common", "src\Common\Xerris.Extensions.Common.csproj", "{C035DB38-D012-49D9-A237-36F6EC2E58BC}"
EndProject
Project("{9A19103F-16F7-4668-BE54-9A1E7A4F7556}") = "Xerris.Extensions.Configuration", "src\Configuration\Xerris.Extensions.Configuration.csproj", "{7EE67BF5-8D6F-44A8-BD8F-7C8D63997382}"
EndProject
Project("{2150E333-8FDC-42A3-9474-1A3956D46DE8}") = "tests", "tests", "{689CE77C-997D-4D67-A5ED-9FF1EA0A3301}"
EndProject
Project("{9A19103F-16F7-4668-BE54-9A1E7A4F7556}") = "Xerris.Extensions.Common.Tests", "tests\Common\Xerris.Extensions.Common.Tests.csproj", "{955C88AB-4F72-4176-8303-A6ABAB2B84CB}"
EndProject
Project("{9A19103F-16F7-4668-BE54-9A1E7A4F7556}") = "Xerris.Extensions.Configuration.Tests", "tests\Configuration\Xerris.Extensions.Configuration.Tests.csproj", "{23A98FEE-49A1-45FE-867B-67E956A2C84D}"
EndProject
Project("{FAE04EC0-301F-11D3-BF4B-00C04F79EFBC}") = "Xerris.Extensions.BackgroundTasks", "src\BackgroundTasks\Xerris.Extensions.BackgroundTasks.csproj", "{3BE28D45-53B6-4693-9D84-F804CB71064C}"
EndProject
Project("{FAE04EC0-301F-11D3-BF4B-00C04F79EFBC}") = "Xerris.Extensions.Http", "src\Http\Xerris.Extensions.Http.csproj", "{A0DFF26A-310B-4826-B834-FC887A6564F6}"
EndProject
Project("{FAE04EC0-301F-11D3-BF4B-00C04F79EFBC}") = "Xerris.Extensions.Http.Tests", "tests\Http\Xerris.Extensions.Http.Tests.csproj", "{BA343EDE-3BF9-4CD2-B3E2-CBB2A62A4413}"
EndProject
Global
	GlobalSection(SolutionConfigurationPlatforms) = preSolution
		Debug|Any CPU = Debug|Any CPU
		Release|Any CPU = Release|Any CPU
	EndGlobalSection
	GlobalSection(ProjectConfigurationPlatforms) = postSolution
		{657D9300-3015-42A5-96EA-D347553FE62C}.Debug|Any CPU.ActiveCfg = Debug|Any CPU
		{657D9300-3015-42A5-96EA-D347553FE62C}.Release|Any CPU.ActiveCfg = Release|Any CPU
		{C035DB38-D012-49D9-A237-36F6EC2E58BC}.Debug|Any CPU.ActiveCfg = Debug|Any CPU
		{C035DB38-D012-49D9-A237-36F6EC2E58BC}.Debug|Any CPU.Build.0 = Debug|Any CPU
		{C035DB38-D012-49D9-A237-36F6EC2E58BC}.Release|Any CPU.ActiveCfg = Release|Any CPU
		{C035DB38-D012-49D9-A237-36F6EC2E58BC}.Release|Any CPU.Build.0 = Release|Any CPU
		{7EE67BF5-8D6F-44A8-BD8F-7C8D63997382}.Debug|Any CPU.ActiveCfg = Debug|Any CPU
		{7EE67BF5-8D6F-44A8-BD8F-7C8D63997382}.Debug|Any CPU.Build.0 = Debug|Any CPU
		{7EE67BF5-8D6F-44A8-BD8F-7C8D63997382}.Release|Any CPU.ActiveCfg = Release|Any CPU
		{7EE67BF5-8D6F-44A8-BD8F-7C8D63997382}.Release|Any CPU.Build.0 = Release|Any CPU
		{955C88AB-4F72-4176-8303-A6ABAB2B84CB}.Debug|Any CPU.ActiveCfg = Debug|Any CPU
		{955C88AB-4F72-4176-8303-A6ABAB2B84CB}.Debug|Any CPU.Build.0 = Debug|Any CPU
		{955C88AB-4F72-4176-8303-A6ABAB2B84CB}.Release|Any CPU.ActiveCfg = Release|Any CPU
		{955C88AB-4F72-4176-8303-A6ABAB2B84CB}.Release|Any CPU.Build.0 = Release|Any CPU
		{23A98FEE-49A1-45FE-867B-67E956A2C84D}.Debug|Any CPU.ActiveCfg = Debug|Any CPU
		{23A98FEE-49A1-45FE-867B-67E956A2C84D}.Debug|Any CPU.Build.0 = Debug|Any CPU
		{23A98FEE-49A1-45FE-867B-67E956A2C84D}.Release|Any CPU.ActiveCfg = Release|Any CPU
		{23A98FEE-49A1-45FE-867B-67E956A2C84D}.Release|Any CPU.Build.0 = Release|Any CPU
		{3BE28D45-53B6-4693-9D84-F804CB71064C}.Debug|Any CPU.ActiveCfg = Debug|Any CPU
		{3BE28D45-53B6-4693-9D84-F804CB71064C}.Debug|Any CPU.Build.0 = Debug|Any CPU
		{3BE28D45-53B6-4693-9D84-F804CB71064C}.Release|Any CPU.ActiveCfg = Release|Any CPU
		{3BE28D45-53B6-4693-9D84-F804CB71064C}.Release|Any CPU.Build.0 = Release|Any CPU
		{A0DFF26A-310B-4826-B834-FC887A6564F6}.Debug|Any CPU.ActiveCfg = Debug|Any CPU
		{A0DFF26A-310B-4826-B834-FC887A6564F6}.Debug|Any CPU.Build.0 = Debug|Any CPU
		{A0DFF26A-310B-4826-B834-FC887A6564F6}.Release|Any CPU.ActiveCfg = Release|Any CPU
		{A0DFF26A-310B-4826-B834-FC887A6564F6}.Release|Any CPU.Build.0 = Release|Any CPU
		{BA343EDE-3BF9-4CD2-B3E2-CBB2A62A4413}.Debug|Any CPU.ActiveCfg = Debug|Any CPU
		{BA343EDE-3BF9-4CD2-B3E2-CBB2A62A4413}.Debug|Any CPU.Build.0 = Debug|Any CPU
		{BA343EDE-3BF9-4CD2-B3E2-CBB2A62A4413}.Release|Any CPU.ActiveCfg = Release|Any CPU
		{BA343EDE-3BF9-4CD2-B3E2-CBB2A62A4413}.Release|Any CPU.Build.0 = Release|Any CPU
	EndGlobalSection
	GlobalSection(SolutionProperties) = preSolution
		HideSolutionNode = FALSE
	EndGlobalSection
	GlobalSection(NestedProjects) = preSolution
		{657D9300-3015-42A5-96EA-D347553FE62C} = {8497A171-A7CD-4EA4-83A2-1CD3716E6C0A}
		{C035DB38-D012-49D9-A237-36F6EC2E58BC} = {0A06B89D-0F67-4D2B-8626-D41B21608E6E}
		{7EE67BF5-8D6F-44A8-BD8F-7C8D63997382} = {0A06B89D-0F67-4D2B-8626-D41B21608E6E}
		{955C88AB-4F72-4176-8303-A6ABAB2B84CB} = {689CE77C-997D-4D67-A5ED-9FF1EA0A3301}
		{23A98FEE-49A1-45FE-867B-67E956A2C84D} = {689CE77C-997D-4D67-A5ED-9FF1EA0A3301}
		{3BE28D45-53B6-4693-9D84-F804CB71064C} = {0A06B89D-0F67-4D2B-8626-D41B21608E6E}
		{A0DFF26A-310B-4826-B834-FC887A6564F6} = {0A06B89D-0F67-4D2B-8626-D41B21608E6E}
		{BA343EDE-3BF9-4CD2-B3E2-CBB2A62A4413} = {689CE77C-997D-4D67-A5ED-9FF1EA0A3301}
	EndGlobalSection
	GlobalSection(ExtensibilityGlobals) = postSolution
		SolutionGuid = {F1EB876D-37F2-4BB3-A9E1-FCC6D57B0F24}
	EndGlobalSection
EndGlobal
